dependencies:
- name: homeassistant
  repository: file://./charts/homeassistant
  version: 0.1.0
- name: mosquitto
  repository: file://./charts/mosquitto
  version: 0.1.0
- name: zigbee2mqtt
  repository: file://./charts/zigbee2mqtt
  version: 0.1.0
digest: sha256:2cd394bd38d500aacde4043bd1c2b9d869626f8f1fdb1191fc1aae5913ede2dc
generated: "2025-11-03T19:16:19.8923027-08:00"
