dependencies:
- name: akri
  repository: https://project-akri.github.io/akri
  version: 0.13.8
- name: homeassistant
  repository: file://./charts/homeassistant
  version: 0.1.0
- name: mosquitto
  repository: file://./charts/mosquitto
  version: 0.1.0
- name: zigbee2mqtt
  repository: file://./charts/zigbee2mqtt
  version: 0.1.0
digest: sha256:b483a00457659c6c5027a80dc520b2ac722b071d71dd0d5fc90edca7eb9ac52f
generated: "2025-11-03T18:55:15.8556252-08:00"
